// !$*UTF8*$!
{
	archiveVersion = 1;
	classes = {
	};
	objectVersion = 50;
	objects = {

/* Begin PBXBuildFile section */
		953EB19A237422DC00496E39 /* AppDelegate.swift in Sources */ = {isa = PBXBuildFile; fileRef = 953EB199237422DC00496E39 /* AppDelegate.swift */; };
		953EB19C237422DC00496E39 /* SceneDelegate.swift in Sources */ = {isa = PBXBuildFile; fileRef = 953EB19B237422DC00496E39 /* SceneDelegate.swift */; };
		953EB19E237422DC00496E39 /* ContentView.swift in Sources */ = {isa = PBXBuildFile; fileRef = 953EB19D237422DC00496E39 /* ContentView.swift */; };
		953EB1A0237422DE00496E39 /* Assets.xcassets in Resources */ = {isa = PBXBuildFile; fileRef = 953EB19F237422DE00496E39 /* Assets.xcassets */; };
		953EB1A3237422DE00496E39 /* Preview Assets.xcassets in Resources */ = {isa = PBXBuildFile; fileRef = 953EB1A2237422DE00496E39 /* Preview Assets.xcassets */; };
		953EB1A6237422DE00496E39 /* LaunchScreen.storyboard in Resources */ = {isa = PBXBuildFile; fileRef = 953EB1A4237422DE00496E39 /* LaunchScreen.storyboard */; };
/* End PBXBuildFile section */

/* Begin PBXFileReference section */
		953EB196237422DC00496E39 /* SpecialEffectsInSwiftUIBlurBlendingAndMore.app */ = {isa = PBXFileReference; explicitFileType = wrapper.application; includeInIndex = 0; path = SpecialEffectsInSwiftUIBlurBlendingAndMore.app; sourceTree = BUILT_PRODUCTS_DIR; };
		953EB199237422DC00496E39 /* AppDelegate.swift */ = {isa = PBXFileReference; lastKnownFileType = sourcecode.swift; path = AppDelegate.swift; sourceTree = "<group>"; };
		953EB19B237422DC00496E39 /* SceneDelegate.swift */ = {isa = PBXFileReference; lastKnownFileType = sourcecode.swift; path = SceneDelegate.swift; sourceTree = "<group>"; };
		953EB19D237422DC00496E39 /* ContentView.swift */ = {isa = PBXFileReference; lastKnownFileType = sourcecode.swift; path = ContentView.swift; sourceTree = "<group>"; };
		953EB19F237422DE00496E39 /* Assets.xcassets */ = {isa = PBXFileReference; lastKnownFileType = folder.assetcatalog; path = Assets.xcassets; sourceTree = "<group>"; };
		953EB1A2237422DE00496E39 /* Preview Assets.xcassets */ = {isa = PBXFileReference; lastKnownFileType = folder.assetcatalog; path = "Preview Assets.xcassets"; sourceTree = "<group>"; };
		953EB1A5237422DE00496E39 /* Base */ = {isa = PBXFileReference; lastKnownFileType = file.storyboard; name = Base; path = Base.lproj/LaunchScreen.storyboard; sourceTree = "<group>"; };
		953EB1A7237422DE00496E39 /* Info.plist */ = {isa = PBXFileReference; lastKnownFileType = text.plist.xml; path = Info.plist; sourceTree = "<group>"; };
/* End PBXFileReference section */

/* Begin PBXFrameworksBuildPhase section */
		953EB193237422DC00496E39 /* Frameworks */ = {
			isa = PBXFrameworksBuildPhase;
			buildActionMask = 2147483647;
			files = (
			);
			runOnlyForDeploymentPostprocessing = 0;
		};
/* End PBXFrameworksBuildPhase section */

/* Begin PBXGroup section */
		953EB18D237422DC00496E39 = {
			isa = PBXGroup;
			children = (
				953EB198237422DC00496E39 /* SpecialEffectsInSwiftUIBlurBlendingAndMore */,
				953EB197237422DC00496E39 /* Products */,
			);
			sourceTree = "<group>";
		};
		953EB197237422DC00496E39 /* Products */ = {
			isa = PBXGroup;
			children = (
				953EB196237422DC00496E39 /* SpecialEffectsInSwiftUIBlurBlendingAndMore.app */,
			);
			name = Products;
			sourceTree = "<group>";
		};
		953EB198237422DC00496E39 /* SpecialEffectsInSwiftUIBlurBlendingAndMore */ = {
			isa = PBXGroup;
			children = (
				953EB199237422DC00496E39 /* AppDelegate.swift */,
				953EB19B237422DC00496E39 /* SceneDelegate.swift */,
				953EB19D237422DC00496E39 /* ContentView.swift */,
				953EB19F237422DE00496E39 /* Assets.xcassets */,
				953EB1A4237422DE00496E39 /* LaunchScreen.storyboard */,
				953EB1A7237422DE00496E39 /* Info.plist */,
				953EB1A1237422DE00496E39 /* Preview Content */,
			);
			path = SpecialEffectsInSwiftUIBlurBlendingAndMore;
			sourceTree = "<group>";
		};
		953EB1A1237422DE00496E39 /* Preview Content */ = {
			isa = PBXGroup;
			children = (
				953EB1A2237422DE00496E39 /* Preview Assets.xcassets */,
			);
			path = "Preview Content";
			sourceTree = "<group>";
		};
/* End PBXGroup section */

/* Begin PBXNativeTarget section */
		953EB195237422DC00496E39 /* SpecialEffectsInSwiftUIBlurBlendingAndMore */ = {
			isa = PBXNativeTarget;
			buildConfigurationList = 953EB1AA237422DE00496E39 /* Build configuration list for PBXNativeTarget "SpecialEffectsInSwiftUIBlurBlendingAndMore" */;
			buildPhases = (
				953EB192237422DC00496E39 /* Sources */,
				953EB193237422DC00496E39 /* Frameworks */,
				953EB194237422DC00496E39 /* Resources */,
			);
			buildRules = (
			);
			dependencies = (
			);
			name = SpecialEffectsInSwiftUIBlurBlendingAndMore;
			productName = SpecialEffectsInSwiftUIBlurBlendingAndMore;
			productReference = 953EB196237422DC00496E39 /* SpecialEffectsInSwiftUIBlurBlendingAndMore.app */;
			productType = "com.apple.product-type.application";
		};
/* End PBXNativeTarget section */

/* Begin PBXProject section */
		953EB18E237422DC00496E39 /* Project object */ = {
			isa = PBXProject;
			attributes = {
				LastSwiftUpdateCheck = 1110;
				LastUpgradeCheck = 1110;
				ORGANIZATIONNAME = com.ri;
				TargetAttributes = {
					953EB195237422DC00496E39 = {
						CreatedOnToolsVersion = 11.1;
					};
				};
			};
			buildConfigurationList = 953EB191237422DC00496E39 /* Build configuration list for PBXProject "SpecialEffectsInSwiftUIBlurBlendingAndMore" */;
			compatibilityVersion = "Xcode 9.3";
			developmentRegion = en;
			hasScannedForEncodings = 0;
			knownRegions = (
				en,
				Base,
			);
			mainGroup = 953EB18D237422DC00496E39;
			productRefGroup = 953EB197237422DC00496E39 /* Products */;
			projectDirPath = "";
			projectRoot = "";
			targets = (
				953EB195237422DC00496E39 /* SpecialEffectsInSwiftUIBlurBlendingAndMore */,
			);
		};
/* End PBXProject section */

/* Begin PBXResourcesBuildPhase section */
		953EB194237422DC00496E39 /* Resources */ = {
			isa = PBXResourcesBuildPhase;
			buildActionMask = 2147483647;
			files = (
				953EB1A6237422DE00496E39 /* LaunchScreen.storyboard in Resources */,
				953EB1A3237422DE00496E39 /* Preview Assets.xcassets in Resources */,
				953EB1A0237422DE00496E39 /* Assets.xcassets in Resources */,
			);
			runOnlyForDeploymentPostprocessing = 0;
		};
/* End PBXResourcesBuildPhase section */

/* Begin PBXSourcesBuildPhase section */
		953EB192237422DC00496E39 /* Sources */ = {
			isa = PBXSourcesBuildPhase;
			buildActionMask = 2147483647;
			files = (
				953EB19A237422DC00496E39 /* AppDelegate.swift in Sources */,
				953EB19C237422DC00496E39 /* SceneDelegate.swift in Sources */,
				953EB19E237422DC00496E39 /* ContentView.swift in Sources */,
			);
			runOnlyForDeploymentPostprocessing = 0;
		};
/* End PBXSourcesBuildPhase section */

/* Begin PBXVariantGroup section */
		953EB1A4237422DE00496E39 /* LaunchScreen.storyboard */ = {
			isa = PBXVariantGroup;
			children = (
				953EB1A5237422DE00496E39 /* Base */,
			);
			name = LaunchScreen.storyboard;
			sourceTree = "<group>";
		};
/* End PBXVariantGroup section */

/* Begin XCBuildConfiguration section */
		953EB1A8237422DE00496E39 /* Debug */ = {
			isa = XCBuildConfiguration;
			buildSettings = {
				ALWAYS_SEARCH_USER_PATHS = NO;
				CLANG_ANALYZER_NONNULL = YES;
				CLANG_ANALYZER_NUMBER_OBJECT_CONVERSION = YES_AGGRESSIVE;
				CLANG_CXX_LANGUAGE_STANDARD = "gnu++14";
				CLANG_CXX_LIBRARY = "libc++";
				CLANG_ENABLE_MODULES = YES;
				CLANG_ENABLE_OBJC_ARC = YES;
				CLANG_ENABLE_OBJC_WEAK = YES;
				CLANG_WARN_BLOCK_CAPTURE_AUTORELEASING = YES;
				CLANG_WARN_BOOL_CONVERSION = YES;
				CLANG_WARN_COMMA = YES;
				CLANG_WARN_CONSTANT_CONVERSION = YES;
				CLANG_WARN_DEPRECATED_OBJC_IMPLEMENTATIONS = YES;
				CLANG_WARN_DIRECT_OBJC_ISA_USAGE = YES_ERROR;
				CLANG_WARN_DOCUMENTATION_COMMENTS = YES;
				CLANG_WARN_EMPTY_BODY = YES;
				CLANG_WARN_ENUM_CONVERSION = YES;
				CLANG_WARN_INFINITE_RECURSION = YES;
				CLANG_WARN_INT_CONVERSION = YES;
				CLANG_WARN_NON_LITERAL_NULL_CONVERSION = YES;
				CLANG_WARN_OBJC_IMPLICIT_RETAIN_SELF = YES;
				CLANG_WARN_OBJC_LITERAL_CONVERSION = YES;
				CLANG_WARN_OBJC_ROOT_CLASS = YES_ERROR;
				CLANG_WARN_RANGE_LOOP_ANALYSIS = YES;
				CLANG_WARN_STRICT_PROTOTYPES = YES;
				CLANG_WARN_SUSPICIOUS_MOVE = YES;
				CLANG_WARN_UNGUARDED_AVAILABILITY = YES_AGGRESSIVE;
				CLANG_WARN_UNREACHABLE_CODE = YES;
				CLANG_WARN__DUPLICATE_METHOD_MATCH = YES;
				COPY_PHASE_STRIP = NO;
				DEBUG_INFORMATION_FORMAT = dwarf;
				ENABLE_STRICT_OBJC_MSGSEND = YES;
				ENABLE_TESTABILITY = YES;
				GCC_C_LANGUAGE_STANDARD = gnu11;
				GCC_DYNAMIC_NO_PIC = NO;
				GCC_NO_COMMON_BLOCKS = YES;
				GCC_OPTIMIZATION_LEVEL = 0;
				GCC_PREPROCESSOR_DEFINITIONS = (
					"DEBUG=1",
					"$(inherited)",
				);
				GCC_WARN_64_TO_32_BIT_CONVERSION = YES;
				GCC_WARN_ABOUT_RETURN_TYPE = YES_ERROR;
				GCC_WARN_UNDECLARED_SELECTOR = YES;
				GCC_WARN_UNINITIALIZED_AUTOS = YES_AGGRESSIVE;
				GCC_WARN_UNUSED_FUNCTION = YES;
				GCC_WARN_UNUSED_VARIABLE = YES;
				IPHONEOS_DEPLOYMENT_TARGET = 13.1;
				MTL_ENABLE_DEBUG_INFO = INCLUDE_SOURCE;
				MTL_FAST_MATH = YES;
				ONLY_ACTIVE_ARCH = YES;
				SDKROOT = iphoneos;
				SWIFT_ACTIVE_COMPILATION_CONDITIONS = DEBUG;
				SWIFT_OPTIMIZATION_LEVEL = "-Onone";
			};
			name = Debug;
		};
		953EB1A9237422DE00496E39 /* Release */ = {
			isa = XCBuildConfiguration;
			buildSettings = {
				ALWAYS_SEARCH_USER_PATHS = NO;
				CLANG_ANALYZER_NONNULL = YES;
				CLANG_ANALYZER_NUMBER_OBJECT_CONVERSION = YES_AGGRESSIVE;
				CLANG_CXX_LANGUAGE_STANDARD = "gnu++14";
				CLANG_CXX_LIBRARY = "libc++";
				CLANG_ENABLE_MODULES = YES;
				CLANG_ENABLE_OBJC_ARC = YES;
				CLANG_ENABLE_OBJC_WEAK = YES;
				CLANG_WARN_BLOCK_CAPTURE_AUTORELEASING = YES;
				CLANG_WARN_BOOL_CONVERSION = YES;
				CLANG_WARN_COMMA = YES;
				CLANG_WARN_CONSTANT_CONVERSION = YES;
				CLANG_WARN_DEPRECATED_OBJC_IMPLEMENTATIONS = YES;
				CLANG_WARN_DIRECT_OBJC_ISA_USAGE = YES_ERROR;
				CLANG_WARN_DOCUMENTATION_COMMENTS = YES;
				CLANG_WARN_EMPTY_BODY = YES;
				CLANG_WARN_ENUM_CONVERSION = YES;
				CLANG_WARN_INFINITE_RECURSION = YES;
				CLANG_WARN_INT_CONVERSION = YES;
				CLANG_WARN_NON_LITERAL_NULL_CONVERSION = YES;
				CLANG_WARN_OBJC_IMPLICIT_RETAIN_SELF = YES;
				CLANG_WARN_OBJC_LITERAL_CONVERSION = YES;
				CLANG_WARN_OBJC_ROOT_CLASS = YES_ERROR;
				CLANG_WARN_RANGE_LOOP_ANALYSIS = YES;
				CLANG_WARN_STRICT_PROTOTYPES = YES;
				CLANG_WARN_SUSPICIOUS_MOVE = YES;
				CLANG_WARN_UNGUARDED_AVAILABILITY = YES_AGGRESSIVE;
				CLANG_WARN_UNREACHABLE_CODE = YES;
				CLANG_WARN__DUPLICATE_METHOD_MATCH = YES;
				COPY_PHASE_STRIP = NO;
				DEBUG_INFORMATION_FORMAT = "dwarf-with-dsym";
				ENABLE_NS_ASSERTIONS = NO;
				ENABLE_STRICT_OBJC_MSGSEND = YES;
				GCC_C_LANGUAGE_STANDARD = gnu11;
				GCC_NO_COMMON_BLOCKS = YES;
				GCC_WARN_64_TO_32_BIT_CONVERSION = YES;
				GCC_WARN_ABOUT_RETURN_TYPE = YES_ERROR;
				GCC_WARN_UNDECLARED_SELECTOR = YES;
				GCC_WARN_UNINITIALIZED_AUTOS = YES_AGGRESSIVE;
				GCC_WARN_UNUSED_FUNCTION = YES;
				GCC_WARN_UNUSED_VARIABLE = YES;
				IPHONEOS_DEPLOYMENT_TARGET = 13.1;
				MTL_ENABLE_DEBUG_INFO = NO;
				MTL_FAST_MATH = YES;
				SDKROOT = iphoneos;
				SWIFT_COMPILATION_MODE = wholemodule;
				SWIFT_OPTIMIZATION_LEVEL = "-O";
				VALIDATE_PRODUCT = YES;
			};
			name = Release;
		};
		953EB1AB237422DE00496E39 /* Debug */ = {
			isa = XCBuildConfiguration;
			buildSettings = {
				ASSETCATALOG_COMPILER_APPICON_NAME = AppIcon;
				CODE_SIGN_STYLE = Automatic;
				DEVELOPMENT_ASSET_PATHS = "\"SpecialEffectsInSwiftUIBlurBlendingAndMore/Preview Content\"";
				DEVELOPMENT_TEAM = L8W86DZDY2;
				ENABLE_PREVIEWS = YES;
				INFOPLIST_FILE = SpecialEffectsInSwiftUIBlurBlendingAndMore/Info.plist;
				LD_RUNPATH_SEARCH_PATHS = (
					"$(inherited)",
					"@executable_path/Frameworks",
				);
				PRODUCT_BUNDLE_IDENTIFIER = com.ri.SpecialEffectsInSwiftUIBlurBlendingAndMore;
				PRODUCT_NAME = "$(TARGET_NAME)";
				SWIFT_VERSION = 5.0;
				TARGETED_DEVICE_FAMILY = "1,2";
			};
			name = Debug;
		};
		953EB1AC237422DE00496E39 /* Release */ = {
			isa = XCBuildConfiguration;
			buildSettings = {
				ASSETCATALOG_COMPILER_APPICON_NAME = AppIcon;
				CODE_SIGN_STYLE = Automatic;
				DEVELOPMENT_ASSET_PATHS = "\"SpecialEffectsInSwiftUIBlurBlendingAndMore/Preview Content\"";
				DEVELOPMENT_TEAM = L8W86DZDY2;
				ENABLE_PREVIEWS = YES;
				INFOPLIST_FILE = SpecialEffectsInSwiftUIBlurBlendingAndMore/Info.plist;
				LD_RUNPATH_SEARCH_PATHS = (
					"$(inherited)",
					"@executable_path/Frameworks",
				);
				PRODUCT_BUNDLE_IDENTIFIER = com.ri.SpecialEffectsInSwiftUIBlurBlendingAndMore;
				PRODUCT_NAME = "$(TARGET_NAME)";
				SWIFT_VERSION = 5.0;
				TARGETED_DEVICE_FAMILY = "1,2";
			};
			name = Release;
		};
/* End XCBuildConfiguration section */

/* Begin XCConfigurationList section */
		953EB191237422DC00496E39 /* Build configuration list for PBXProject "SpecialEffectsInSwiftUIBlurBlendingAndMore" */ = {
			isa = XCConfigurationList;
			buildConfigurations = (
				953EB1A8237422DE00496E39 /* Debug */,
				953EB1A9237422DE00496E39 /* Release */,
			);
			defaultConfigurationIsVisible = 0;
			defaultConfigurationName = Release;
		};
		953EB1AA237422DE00496E39 /* Build configuration list for PBXNativeTarget "SpecialEffectsInSwiftUIBlurBlendingAndMore" */ = {
			isa = XCConfigurationList;
			buildConfigurations = (
				953EB1AB237422DE00496E39 /* Debug */,
				953EB1AC237422DE00496E39 /* Release */,
			);
			defaultConfigurationIsVisible = 0;
			defaultConfigurationName = Release;
		};
/* End XCConfigurationList section */
	};
	rootObject = 953EB18E237422DC00496E39 /* Project object */;
}
